
Microsoft Visual Studio Solution File, Format Version 11.00
# Visual Studio 2010
Project("{FAE04EC0-301F-11D3-BF4B-00C04F79EFBC}") = "Assembly-CSharp", "Assembly-CSharp.csproj", "{12380273-45E8-E704-AE99-4E198B84E94F}"
EndProject
Project("{FAE04EC0-301F-11D3-BF4B-00C04F79EFBC}") = "Assembly-CSharp-Editor", "Assembly-CSharp-Editor.csproj", "{95693124-3C2C-06FC-8F94-4CF0952AEE00}"
EndProject
Global
	GlobalSection(SolutionConfigurationPlatforms) = preSolution
		Debug|Any CPU = Debug|Any CPU
		Release|Any CPU = Release|Any CPU
	EndGlobalSection
	GlobalSection(ProjectConfigurationPlatforms) = postSolution
		{12380273-45E8-E704-AE99-4E198B84E94F}.Debug|Any CPU.ActiveCfg = Debug|Any CPU
		{12380273-45E8-E704-AE99-4E198B84E94F}.Debug|Any CPU.Build.0 = Debug|Any CPU
		{12380273-45E8-E704-AE99-4E198B84E94F}.Release|Any CPU.ActiveCfg = Release|Any CPU
		{12380273-45E8-E704-AE99-4E198B84E94F}.Release|Any CPU.Build.0 = Release|Any CPU
		{95693124-3C2C-06FC-8F94-4CF0952AEE00}.Debug|Any CPU.ActiveCfg = Debug|Any CPU
		{95693124-3C2C-06FC-8F94-4CF0952AEE00}.Debug|Any CPU.Build.0 = Debug|Any CPU
		{95693124-3C2C-06FC-8F94-4CF0952AEE00}.Release|Any CPU.ActiveCfg = Release|Any CPU
		{95693124-3C2C-06FC-8F94-4CF0952AEE00}.Release|Any CPU.Build.0 = Release|Any CPU
	EndGlobalSection
	GlobalSection(SolutionProperties) = preSolution
		HideSolutionNode = FALSE
	EndGlobalSection
EndGlobal
